
Microsoft Visual Studio Solution File, Format Version 12.00
# Visual Studio Version 17
VisualStudioVersion = 17.0.31903.59
MinimumVisualStudioVersion = 10.0.40219.1
Project("{2150E333-8FDC-42A3-9474-1A3956D46DE8}") = "Projects", "Projects", "{02EA681E-C7D8-13C7-8484-4AC65E1B71E8}"
EndProject
Project("{2150E333-8FDC-42A3-9474-1A3956D46DE8}") = "Documentation", "Documentation", "{74FD45CF-D0FB-48E6-A379-8FB38E4B48A7}"
	ProjectSection(SolutionItems) = preProject
		docs\AI-Collaborators.md = docs\AI-Collaborators.md
		docs\AI-AnomalyDetectorDataFields.png = docs\AI-AnomalyDetectorDataFields.png
		docs\ai-dataflow.md = docs\ai-dataflow.md
		docs\AI-DataKeyMap.md = docs\AI-DataKeyMap.md
		docs\AI-DataFlowVisual.png = docs\AI-DataFlowVisual.png
		docs\AI-DataSourceMap.txt = docs\AI-DataSourceMap.txt
		docs\AI-Dev-Quick-Ref.md = docs\AI-Dev-Quick-Ref.md
		docs\AI-Overview.md = docs\AI-Overview.md
		docs\AI-FusionModel.md = docs\AI-FusionModel.md
		docs\AI-TechnicalSpecs.md = docs\AI-TechnicalSpecs.md
		docs\AI-TrainingDataPresets.md = docs\AI-TrainingDataPresets.md
		docs\AI-Training-Guide.md = docs\AI-Training-Guide.md
		docs\templates\DOCUMENTATION_MANIFEST.md = docs\templates\DOCUMENTATION_MANIFEST.md
	EndProjectSection
EndProject
Project("{2150E333-8FDC-42A3-9474-1A3956D46DE8}") = "Templates", "Templates", "{11DFC4C1-3941-4D13-86B3-3E0C966B8914}"
	ProjectSection(SolutionItems) = preProject
		AI-policyTemp.md = AI-policyTemp.md
		docs\templates\AIImplementationChecklist.md = docs\templates\AIImplementationChecklist.md
		DocumentationHeaderTemplate.md = DocumentationHeaderTemplate.md
		docs\templates\ImplementationAuditTemplate.md = docs\templates\ImplementationAuditTemplate.md
		docs\templates\PostScriptTemplateWithParams.ps1 = docs\templates\PostScriptTemplateWithParams.ps1
		docs\templates\PostScriptTemplateWithParams2.ps1 = docs\templates\PostScriptTemplateWithParams2.ps1
	EndProjectSection
EndProject
Project("{FAE04EC0-301F-11D3-BF4B-00C04F79EFBC}") = "LightweightAI.Core", "src\LightweightAI.Core\LightweightAI.Core.csproj", "{942D750F-F17F-287B-0DDE-729D5198FDEE}"
EndProject
Project("{FAE04EC0-301F-11D3-BF4B-00C04F79EFBC}") = "LightAIClient", "src\LightAIClient\LightAIClient.csproj", "{F9E5F8E6-2CD6-502E-D16A-16D128A90241}"
EndProject
Project("{2150E333-8FDC-42A3-9474-1A3956D46DE8}") = ".github", ".github", "{8C98F35C-1D28-4140-80E9-DC8251AFD331}"
EndProject
Project("{2150E333-8FDC-42A3-9474-1A3956D46DE8}") = "Solution Items", "Solution Items", "{8EC462FD-D22E-90A8-E5CE-7E832BA40C5D}"
	ProjectSection(SolutionItems) = preProject
		SolutionContents.md = SolutionContents.md
		Directory.Build.props.old = Directory.Build.props.old
	EndProjectSection
EndProject
Project("{FAE04EC0-301F-11D3-BF4B-00C04F79EFBC}") = "OrphanedSource", "src\OrphanSource\OrphanedSource.csproj", "{59C6E119-5BD8-AAAC-0AFC-5DF79790B5D4}"
EndProject
Project("{2150E333-8FDC-42A3-9474-1A3956D46DE8}") = "Scripts", "Scripts", "{8C197D39-C160-40DD-BBE6-5EBCF518F824}"
	ProjectSection(SolutionItems) = preProject
		docs\structure.ps1 = docs\structure.ps1
	EndProjectSection
EndProject
Global
	GlobalSection(SolutionConfigurationPlatforms) = preSolution
		Debug|Any CPU = Debug|Any CPU
		Release|Any CPU = Release|Any CPU
	EndGlobalSection
	GlobalSection(ProjectConfigurationPlatforms) = postSolution
		{942D750F-F17F-287B-0DDE-729D5198FDEE}.Debug|Any CPU.ActiveCfg = Debug|Any CPU
		{942D750F-F17F-287B-0DDE-729D5198FDEE}.Debug|Any CPU.Build.0 = Debug|Any CPU
		{942D750F-F17F-287B-0DDE-729D5198FDEE}.Release|Any CPU.ActiveCfg = Release|Any CPU
		{942D750F-F17F-287B-0DDE-729D5198FDEE}.Release|Any CPU.Build.0 = Release|Any CPU
		{F9E5F8E6-2CD6-502E-D16A-16D128A90241}.Debug|Any CPU.ActiveCfg = Debug|Any CPU
		{F9E5F8E6-2CD6-502E-D16A-16D128A90241}.Debug|Any CPU.Build.0 = Debug|Any CPU
		{F9E5F8E6-2CD6-502E-D16A-16D128A90241}.Release|Any CPU.ActiveCfg = Release|Any CPU
		{F9E5F8E6-2CD6-502E-D16A-16D128A90241}.Release|Any CPU.Build.0 = Release|Any CPU
		{59C6E119-5BD8-AAAC-0AFC-5DF79790B5D4}.Debug|Any CPU.ActiveCfg = Debug|Any CPU
		{59C6E119-5BD8-AAAC-0AFC-5DF79790B5D4}.Debug|Any CPU.Build.0 = Debug|Any CPU
		{59C6E119-5BD8-AAAC-0AFC-5DF79790B5D4}.Release|Any CPU.ActiveCfg = Release|Any CPU
		{59C6E119-5BD8-AAAC-0AFC-5DF79790B5D4}.Release|Any CPU.Build.0 = Release|Any CPU
	EndGlobalSection
	GlobalSection(SolutionProperties) = preSolution
		HideSolutionNode = FALSE
	EndGlobalSection
	GlobalSection(NestedProjects) = preSolution
		{11DFC4C1-3941-4D13-86B3-3E0C966B8914} = {74FD45CF-D0FB-48E6-A379-8FB38E4B48A7}
		{942D750F-F17F-287B-0DDE-729D5198FDEE} = {02EA681E-C7D8-13C7-8484-4AC65E1B71E8}
		{F9E5F8E6-2CD6-502E-D16A-16D128A90241} = {02EA681E-C7D8-13C7-8484-4AC65E1B71E8}
		{59C6E119-5BD8-AAAC-0AFC-5DF79790B5D4} = {02EA681E-C7D8-13C7-8484-4AC65E1B71E8}
	EndGlobalSection
	GlobalSection(ExtensibilityGlobals) = postSolution
		SolutionGuid = {9E697332-5D88-452B-8812-46B9B6B804D5}
	EndGlobalSection
EndGlobal
